
Microsoft Visual Studio Solution File, Format Version 12.00
# Visual Studio Version 16
VisualStudioVersion = 16.0.30309.148
MinimumVisualStudioVersion = 10.0.40219.1
Project("{FAE04EC0-301F-11D3-BF4B-00C04F79EFBC}") = "EDIFileGenerator", "EDIFileGenerator.csproj", "{F8C2990C-8F80-4984-ADBB-98714FB9B96A}"
EndProject
Global
	GlobalSection(SolutionConfigurationPlatforms) = preSolution
		Debug|Any CPU = Debug|Any CPU
		Release|Any CPU = Release|Any CPU
	EndGlobalSection
	GlobalSection(ProjectConfigurationPlatforms) = postSolution
		{F8C2990C-8F80-4984-ADBB-98714FB9B96A}.Debug|Any CPU.ActiveCfg = Debug|Any CPU
		{F8C2990C-8F80-4984-ADBB-98714FB9B96A}.Debug|Any CPU.Build.0 = Debug|Any CPU
		{F8C2990C-8F80-4984-ADBB-98714FB9B96A}.Release|Any CPU.ActiveCfg = Release|Any CPU
		{F8C2990C-8F80-4984-ADBB-98714FB9B96A}.Release|Any CPU.Build.0 = Release|Any CPU
	EndGlobalSection
	GlobalSection(SolutionProperties) = preSolution
		HideSolutionNode = FALSE
	EndGlobalSection
	GlobalSection(ExtensibilityGlobals) = postSolution
		SolutionGuid = {540A50BA-6157-4747-99B7-186EDA0A5F93}
	EndGlobalSection
EndGlobal
